{
	"name": "shared",
	"lockfileVersion": 3,
	"requires": true,
	"packages": {
		"": {
			"name": "shared",
			"dependencies": {
				"bungie-api-ts": "5.2.0",
				"deepsight.gg": "1.0.1340"
			}
		},
		"node_modules/bungie-api-ts": {
			"version": "5.2.0",
			"resolved": "https://registry.npmjs.org/bungie-api-ts/-/bungie-api-ts-5.2.0.tgz",
			"integrity": "sha512-iDxvN6jHzU3rdzNNjz8AJxSgfhvjqMD3tAugtZePpD1IEC6eria50MIyGdB1xw5YAp8XZ+BrWkayd0TouZBhEw==",
			"license": "MIT",
			"engines": {
				"node": ">=13.2.0"
			}
		},
		"node_modules/deepsight.gg": {
			"version": "1.0.1340",
			"resolved": "https://registry.npmjs.org/deepsight.gg/-/deepsight.gg-1.0.1340.tgz",
			"integrity": "sha512-B4LtvySWJdUX6FfHwNEa6Ddy7MG8p2DZpmVEn+Msgy1xopn7c53YDVrjJ+V2FlsZKkxYTfE4fQYVy7TMBB8LCg==",
			"license": "MIT",
			"dependencies": {
				"bungie-api-ts": "^5.0.0"
			}
		}
	}
}
