lockfileVersion: '9.0'

settings:
  autoInstallPeers: true
  excludeLinksFromLockfile: false

importers:

  .:
    dependencies:
      bungie-api-ts:
        specifier: 5.10.0
        version: 5.10.0
      deepsight.gg:
        specifier: 1.0.1613
        version: 1.0.1613

packages:

  bungie-api-ts@5.10.0:
    resolution: {integrity: sha512-3UJCuMJVRrfqUA23mpE/DJ79TWQqhRKuY3hLxUZpcTHQ9wOBWSk6Nyxugx231cIqfPsENnGT0OkBOvIB0s6C5g==}
    engines: {node: '>=13.2.0'}

  deepsight.gg@1.0.1613:
    resolution: {integrity: sha512-/k7gbED8K2BI01qmRgvFAlrGZ4e5xS+qeVrVlaoA01vYWY2tY3xnGX1kNIafsKb5swE+hYctykvrur6GLDeghA==}

snapshots:

  bungie-api-ts@5.10.0: {}

  deepsight.gg@1.0.1613:
    dependencies:
      bungie-api-ts: 5.10.0
