lockfileVersion: '9.0'

settings:
  autoInstallPeers: true
  excludeLinksFromLockfile: false

importers:

  .:
    dependencies:
      bungie-api-ts:
        specifier: 5.10.0
        version: 5.10.0
      deepsight.gg:
        specifier: 1.0.1578
        version: 1.0.1578

packages:

  bungie-api-ts@5.10.0:
    resolution: {integrity: sha512-3UJCuMJVRrfqUA23mpE/DJ79TWQqhRKuY3hLxUZpcTHQ9wOBWSk6Nyxugx231cIqfPsENnGT0OkBOvIB0s6C5g==}
    engines: {node: '>=13.2.0'}

  deepsight.gg@1.0.1578:
    resolution: {integrity: sha512-fZAgZbS6NOsCeN/ZM14nivFsJ45W91MPoOe2BT5JMGmabll1YXgjaVIe3Y+YXBiLfmMUYC56BH/GG09w+BA1mw==}

snapshots:

  bungie-api-ts@5.10.0: {}

  deepsight.gg@1.0.1578:
    dependencies:
      bungie-api-ts: 5.10.0
