{
	"name": "@conduit.deepsight.gg/platform",
	"lockfileVersion": 3,
	"requires": true,
	"packages": {
		"": {
			"name": "@conduit.deepsight.gg/platform",
			"devDependencies": {
				"kitsui": "github:fluff4me/kitsui#c588cb321e633c3235b8686bcdea7067912b9fd1"
			}
		},
		"node_modules/kitsui": {
			"version": "0.0.1",
			"resolved": "git+ssh://git@github.com/fluff4me/kitsui.git#c588cb321e633c3235b8686bcdea7067912b9fd1",
			"integrity": "sha512-1KDRKqFGSlq9ONm5HsjD8g7VbcXB14J9fRK+XeVAq9WDm1H0pzC0j3U63JcP/XQL+N6hjiyfx8FMjFE9qpLl7A==",
			"dev": true
		}
	}
}
