{
	"name": "@conduit.deepsight.gg/platform",
	"lockfileVersion": 3,
	"requires": true,
	"packages": {
		"": {
			"name": "@conduit.deepsight.gg/platform",
			"devDependencies": {
				"kitsui": "github:fluff4me/kitsui#271657e0d0aef6f0a53b33edf0491ba1b2624597"
			}
		},
		"node_modules/kitsui": {
			"version": "0.0.1",
			"resolved": "git+ssh://git@github.com/fluff4me/kitsui.git#271657e0d0aef6f0a53b33edf0491ba1b2624597",
			"integrity": "sha512-hL+Y9tODwvDlJFVsz/26/ksyZ7vCSzEV++UI0/rUEKZXwv85N+x6gL3GgEzHIWvFojYbXBCOsl1GlupVQ7jasQ==",
			"dev": true
		}
	}
}
