{
	"name": "@conduit.deepsight.gg/platform",
	"lockfileVersion": 3,
	"requires": true,
	"packages": {
		"": {
			"name": "@conduit.deepsight.gg/platform",
			"devDependencies": {
				"kitsui": "github:fluff4me/kitsui#0949ff41ebc8105905091fc23d7147a17a719a3d"
			}
		},
		"node_modules/kitsui": {
			"version": "0.0.1",
			"resolved": "git+ssh://git@github.com/fluff4me/kitsui.git#0949ff41ebc8105905091fc23d7147a17a719a3d",
			"integrity": "sha512-4x1lxrTL713xCHLyaQzmiH8hz5x5pB5JocYy4ypJjIVuPmTTVuvP1fB45YGETTvFzM/vwbpDpAtoKlnPTsizbQ==",
			"dev": true
		}
	}
}
