lockfileVersion: '9.0'

settings:
  autoInstallPeers: true
  excludeLinksFromLockfile: false

importers:

  .:
    dependencies:
      kitsui:
        specifier: github:fluff4me/kitsui#29f46c1f0df401ee9e8448a59d53125e66f8bca6
        version: https://codeload.github.com/fluff4me/kitsui/tar.gz/29f46c1f0df401ee9e8448a59d53125e66f8bca6

packages:

  kitsui@https://codeload.github.com/fluff4me/kitsui/tar.gz/29f46c1f0df401ee9e8448a59d53125e66f8bca6:
    resolution: {tarball: https://codeload.github.com/fluff4me/kitsui/tar.gz/29f46c1f0df401ee9e8448a59d53125e66f8bca6}
    version: 0.0.1

snapshots:

  kitsui@https://codeload.github.com/fluff4me/kitsui/tar.gz/29f46c1f0df401ee9e8448a59d53125e66f8bca6: {}
