lockfileVersion: '9.0'

settings:
  autoInstallPeers: true
  excludeLinksFromLockfile: false

importers:

  .:
    dependencies:
      kitsui:
        specifier: github:fluff4me/kitsui#57743f6ef882624654572ef4f2b64b2a41750f01
        version: https://codeload.github.com/fluff4me/kitsui/tar.gz/57743f6ef882624654572ef4f2b64b2a41750f01

packages:

  kitsui@https://codeload.github.com/fluff4me/kitsui/tar.gz/57743f6ef882624654572ef4f2b64b2a41750f01:
    resolution: {tarball: https://codeload.github.com/fluff4me/kitsui/tar.gz/57743f6ef882624654572ef4f2b64b2a41750f01}
    version: 0.0.1

snapshots:

  kitsui@https://codeload.github.com/fluff4me/kitsui/tar.gz/57743f6ef882624654572ef4f2b64b2a41750f01: {}
