lockfileVersion: '9.0'

settings:
  autoInstallPeers: true
  excludeLinksFromLockfile: false

importers:

  .:
    dependencies:
      bungie-api-ts:
        specifier: 5.10.0
        version: 5.10.0
      deepsight.gg:
        specifier: 1.0.1846
        version: 1.0.1846
      dexie:
        specifier: 4.0.11
        version: 4.0.11

packages:

  bungie-api-ts@5.10.0:
    resolution: {integrity: sha512-3UJCuMJVRrfqUA23mpE/DJ79TWQqhRKuY3hLxUZpcTHQ9wOBWSk6Nyxugx231cIqfPsENnGT0OkBOvIB0s6C5g==}
    engines: {node: '>=13.2.0'}

  deepsight.gg@1.0.1846:
    resolution: {integrity: sha512-2WfZIYGyy8iiS3uV2MxtLbtrfITGNLy3FHXZaswLZO+waj1ygQ7vGk8WoLb2Vje7s8snv6OE6tzlG5dd6pLzww==}

  dexie@4.0.11:
    resolution: {integrity: sha512-SOKO002EqlvBYYKQSew3iymBoN2EQ4BDw/3yprjh7kAfFzjBYkaMNa/pZvcA7HSWlcKSQb9XhPe3wKyQ0x4A8A==}

snapshots:

  bungie-api-ts@5.10.0: {}

  deepsight.gg@1.0.1846:
    dependencies:
      bungie-api-ts: 5.10.0

  dexie@4.0.11: {}
